
Microsoft Visual Studio Solution File, Format Version 12.00
# Visual Studio 15
VisualStudioVersion = 15.0.27428.2037
MinimumVisualStudioVersion = 10.0.40219.1
Project("{FAE04EC0-301F-11D3-BF4B-00C04F79EFBC}") = "XamarinUnitTestsVsts.Android", "XamarinUnitTestsVsts\XamarinUnitTestsVsts.Android\XamarinUnitTestsVsts.Android.csproj", "{B47CF1DA-DD99-4E16-8F47-04FAC2B40728}"
EndProject
Project("{FAE04EC0-301F-11D3-BF4B-00C04F79EFBC}") = "XamarinUnitTestsVsts.iOS", "XamarinUnitTestsVsts\XamarinUnitTestsVsts.iOS\XamarinUnitTestsVsts.iOS.csproj", "{B2A62972-941C-47F5-AEC0-CDA4E789F774}"
EndProject
Project("{9A19103F-16F7-4668-BE54-9A1E7A4F7556}") = "XamarinUnitTestsVsts", "XamarinUnitTestsVsts\XamarinUnitTestsVsts\XamarinUnitTestsVsts.csproj", "{373A3C43-241F-47BE-B612-DB291BF99D77}"
EndProject
Project("{FAE04EC0-301F-11D3-BF4B-00C04F79EFBC}") = "XamarinUnitTestsVsts.iOS.Service", "XamarinUnitTestsVsts\XamarinUnitTestsVsts.iOS.Service\XamarinUnitTestsVsts.iOS.Service.csproj", "{FB595183-9074-4817-961F-A7D11C083843}"
EndProject
Project("{FAE04EC0-301F-11D3-BF4B-00C04F79EFBC}") = "XamarinUnitTestsVsts.Android.Service", "XamarinUnitTestsVsts\XamarinUnitTestsVsts.Android.Service\XamarinUnitTestsVsts.Android.Service.csproj", "{F08DBC62-8E59-45C4-B76B-769462FD7039}"
EndProject
Project("{FAE04EC0-301F-11D3-BF4B-00C04F79EFBC}") = "XamarinUnitTestsVsts.Android.Service.Test", "XamarinUnitTestsVsts\XamarinUnitTestsVsts.Android.Service.Test\XamarinUnitTestsVsts.Android.Service.Test.csproj", "{B58EB085-623F-4166-B5B9-0A6EC05FED6D}"
EndProject
Project("{FAE04EC0-301F-11D3-BF4B-00C04F79EFBC}") = "XamarinUnitTestsVsts.iOS.Service.Test", "XamarinUnitTestsVsts\XamarinUnitTestsVsts.iOS.Service.Test\XamarinUnitTestsVsts.iOS.Service.Test.csproj", "{46E7D6EE-200E-42F2-BCFA-9D10A706DF89}"
EndProject
Project("{2150E333-8FDC-42A3-9474-1A3956D46DE8}") = "Application", "Application", "{62771348-166A-4B30-8CBD-6CF4D8494480}"
EndProject
Project("{2150E333-8FDC-42A3-9474-1A3956D46DE8}") = "Test", "Test", "{F392FAAA-C401-4039-AE08-AD3655502E84}"
EndProject
Global
	GlobalSection(SolutionConfigurationPlatforms) = preSolution
		Ad-Hoc|Any CPU = Ad-Hoc|Any CPU
		Ad-Hoc|iPhone = Ad-Hoc|iPhone
		Ad-Hoc|iPhoneSimulator = Ad-Hoc|iPhoneSimulator
		AppStore|Any CPU = AppStore|Any CPU
		AppStore|iPhone = AppStore|iPhone
		AppStore|iPhoneSimulator = AppStore|iPhoneSimulator
		Debug|Any CPU = Debug|Any CPU
		Debug|iPhone = Debug|iPhone
		Debug|iPhoneSimulator = Debug|iPhoneSimulator
		Release|Any CPU = Release|Any CPU
		Release|iPhone = Release|iPhone
		Release|iPhoneSimulator = Release|iPhoneSimulator
	EndGlobalSection
	GlobalSection(ProjectConfigurationPlatforms) = postSolution
		{B47CF1DA-DD99-4E16-8F47-04FAC2B40728}.Ad-Hoc|Any CPU.ActiveCfg = Release|Any CPU
		{B47CF1DA-DD99-4E16-8F47-04FAC2B40728}.Ad-Hoc|Any CPU.Build.0 = Release|Any CPU
		{B47CF1DA-DD99-4E16-8F47-04FAC2B40728}.Ad-Hoc|Any CPU.Deploy.0 = Release|Any CPU
		{B47CF1DA-DD99-4E16-8F47-04FAC2B40728}.Ad-Hoc|iPhone.ActiveCfg = Release|Any CPU
		{B47CF1DA-DD99-4E16-8F47-04FAC2B40728}.Ad-Hoc|iPhone.Build.0 = Release|Any CPU
		{B47CF1DA-DD99-4E16-8F47-04FAC2B40728}.Ad-Hoc|iPhone.Deploy.0 = Release|Any CPU
		{B47CF1DA-DD99-4E16-8F47-04FAC2B40728}.Ad-Hoc|iPhoneSimulator.ActiveCfg = Release|Any CPU
		{B47CF1DA-DD99-4E16-8F47-04FAC2B40728}.Ad-Hoc|iPhoneSimulator.Build.0 = Release|Any CPU
		{B47CF1DA-DD99-4E16-8F47-04FAC2B40728}.Ad-Hoc|iPhoneSimulator.Deploy.0 = Release|Any CPU
		{B47CF1DA-DD99-4E16-8F47-04FAC2B40728}.AppStore|Any CPU.ActiveCfg = Release|Any CPU
		{B47CF1DA-DD99-4E16-8F47-04FAC2B40728}.AppStore|Any CPU.Build.0 = Release|Any CPU
		{B47CF1DA-DD99-4E16-8F47-04FAC2B40728}.AppStore|Any CPU.Deploy.0 = Release|Any CPU
		{B47CF1DA-DD99-4E16-8F47-04FAC2B40728}.AppStore|iPhone.ActiveCfg = Release|Any CPU
		{B47CF1DA-DD99-4E16-8F47-04FAC2B40728}.AppStore|iPhone.Build.0 = Release|Any CPU
		{B47CF1DA-DD99-4E16-8F47-04FAC2B40728}.AppStore|iPhone.Deploy.0 = Release|Any CPU
		{B47CF1DA-DD99-4E16-8F47-04FAC2B40728}.AppStore|iPhoneSimulator.ActiveCfg = Release|Any CPU
		{B47CF1DA-DD99-4E16-8F47-04FAC2B40728}.AppStore|iPhoneSimulator.Build.0 = Release|Any CPU
		{B47CF1DA-DD99-4E16-8F47-04FAC2B40728}.AppStore|iPhoneSimulator.Deploy.0 = Release|Any CPU
		{B47CF1DA-DD99-4E16-8F47-04FAC2B40728}.Debug|Any CPU.ActiveCfg = Debug|Any CPU
		{B47CF1DA-DD99-4E16-8F47-04FAC2B40728}.Debug|Any CPU.Build.0 = Debug|Any CPU
		{B47CF1DA-DD99-4E16-8F47-04FAC2B40728}.Debug|Any CPU.Deploy.0 = Debug|Any CPU
		{B47CF1DA-DD99-4E16-8F47-04FAC2B40728}.Debug|iPhone.ActiveCfg = Debug|Any CPU
		{B47CF1DA-DD99-4E16-8F47-04FAC2B40728}.Debug|iPhone.Build.0 = Debug|Any CPU
		{B47CF1DA-DD99-4E16-8F47-04FAC2B40728}.Debug|iPhone.Deploy.0 = Debug|Any CPU
		{B47CF1DA-DD99-4E16-8F47-04FAC2B40728}.Debug|iPhoneSimulator.ActiveCfg = Debug|Any CPU
		{B47CF1DA-DD99-4E16-8F47-04FAC2B40728}.Debug|iPhoneSimulator.Build.0 = Debug|Any CPU
		{B47CF1DA-DD99-4E16-8F47-04FAC2B40728}.Debug|iPhoneSimulator.Deploy.0 = Debug|Any CPU
		{B47CF1DA-DD99-4E16-8F47-04FAC2B40728}.Release|Any CPU.ActiveCfg = Release|Any CPU
		{B47CF1DA-DD99-4E16-8F47-04FAC2B40728}.Release|Any CPU.Build.0 = Release|Any CPU
		{B47CF1DA-DD99-4E16-8F47-04FAC2B40728}.Release|Any CPU.Deploy.0 = Release|Any CPU
		{B47CF1DA-DD99-4E16-8F47-04FAC2B40728}.Release|iPhone.ActiveCfg = Release|Any CPU
		{B47CF1DA-DD99-4E16-8F47-04FAC2B40728}.Release|iPhone.Build.0 = Release|Any CPU
		{B47CF1DA-DD99-4E16-8F47-04FAC2B40728}.Release|iPhone.Deploy.0 = Release|Any CPU
		{B47CF1DA-DD99-4E16-8F47-04FAC2B40728}.Release|iPhoneSimulator.ActiveCfg = Release|Any CPU
		{B47CF1DA-DD99-4E16-8F47-04FAC2B40728}.Release|iPhoneSimulator.Build.0 = Release|Any CPU
		{B47CF1DA-DD99-4E16-8F47-04FAC2B40728}.Release|iPhoneSimulator.Deploy.0 = Release|Any CPU
		{B2A62972-941C-47F5-AEC0-CDA4E789F774}.Ad-Hoc|Any CPU.ActiveCfg = Ad-Hoc|iPhone
		{B2A62972-941C-47F5-AEC0-CDA4E789F774}.Ad-Hoc|iPhone.ActiveCfg = Ad-Hoc|iPhone
		{B2A62972-941C-47F5-AEC0-CDA4E789F774}.Ad-Hoc|iPhone.Build.0 = Ad-Hoc|iPhone
		{B2A62972-941C-47F5-AEC0-CDA4E789F774}.Ad-Hoc|iPhoneSimulator.ActiveCfg = Ad-Hoc|iPhoneSimulator
		{B2A62972-941C-47F5-AEC0-CDA4E789F774}.Ad-Hoc|iPhoneSimulator.Build.0 = Ad-Hoc|iPhoneSimulator
		{B2A62972-941C-47F5-AEC0-CDA4E789F774}.AppStore|Any CPU.ActiveCfg = AppStore|iPhone
		{B2A62972-941C-47F5-AEC0-CDA4E789F774}.AppStore|iPhone.ActiveCfg = AppStore|iPhone
		{B2A62972-941C-47F5-AEC0-CDA4E789F774}.AppStore|iPhone.Build.0 = AppStore|iPhone
		{B2A62972-941C-47F5-AEC0-CDA4E789F774}.AppStore|iPhoneSimulator.ActiveCfg = AppStore|iPhoneSimulator
		{B2A62972-941C-47F5-AEC0-CDA4E789F774}.AppStore|iPhoneSimulator.Build.0 = AppStore|iPhoneSimulator
		{B2A62972-941C-47F5-AEC0-CDA4E789F774}.Debug|Any CPU.ActiveCfg = Debug|iPhone
		{B2A62972-941C-47F5-AEC0-CDA4E789F774}.Debug|iPhone.ActiveCfg = Debug|iPhone
		{B2A62972-941C-47F5-AEC0-CDA4E789F774}.Debug|iPhone.Build.0 = Debug|iPhone
		{B2A62972-941C-47F5-AEC0-CDA4E789F774}.Debug|iPhoneSimulator.ActiveCfg = Debug|iPhoneSimulator
		{B2A62972-941C-47F5-AEC0-CDA4E789F774}.Debug|iPhoneSimulator.Build.0 = Debug|iPhoneSimulator
		{B2A62972-941C-47F5-AEC0-CDA4E789F774}.Release|Any CPU.ActiveCfg = Release|iPhone
		{B2A62972-941C-47F5-AEC0-CDA4E789F774}.Release|iPhone.ActiveCfg = Release|iPhone
		{B2A62972-941C-47F5-AEC0-CDA4E789F774}.Release|iPhone.Build.0 = Release|iPhone
		{B2A62972-941C-47F5-AEC0-CDA4E789F774}.Release|iPhoneSimulator.ActiveCfg = Release|iPhoneSimulator
		{B2A62972-941C-47F5-AEC0-CDA4E789F774}.Release|iPhoneSimulator.Build.0 = Release|iPhoneSimulator
		{373A3C43-241F-47BE-B612-DB291BF99D77}.Ad-Hoc|Any CPU.ActiveCfg = Debug|Any CPU
		{373A3C43-241F-47BE-B612-DB291BF99D77}.Ad-Hoc|Any CPU.Build.0 = Debug|Any CPU
		{373A3C43-241F-47BE-B612-DB291BF99D77}.Ad-Hoc|iPhone.ActiveCfg = Debug|Any CPU
		{373A3C43-241F-47BE-B612-DB291BF99D77}.Ad-Hoc|iPhone.Build.0 = Debug|Any CPU
		{373A3C43-241F-47BE-B612-DB291BF99D77}.Ad-Hoc|iPhoneSimulator.ActiveCfg = Debug|Any CPU
		{373A3C43-241F-47BE-B612-DB291BF99D77}.Ad-Hoc|iPhoneSimulator.Build.0 = Debug|Any CPU
		{373A3C43-241F-47BE-B612-DB291BF99D77}.AppStore|Any CPU.ActiveCfg = Debug|Any CPU
		{373A3C43-241F-47BE-B612-DB291BF99D77}.AppStore|Any CPU.Build.0 = Debug|Any CPU
		{373A3C43-241F-47BE-B612-DB291BF99D77}.AppStore|iPhone.ActiveCfg = Debug|Any CPU
		{373A3C43-241F-47BE-B612-DB291BF99D77}.AppStore|iPhone.Build.0 = Debug|Any CPU
		{373A3C43-241F-47BE-B612-DB291BF99D77}.AppStore|iPhoneSimulator.ActiveCfg = Debug|Any CPU
		{373A3C43-241F-47BE-B612-DB291BF99D77}.AppStore|iPhoneSimulator.Build.0 = Debug|Any CPU
		{373A3C43-241F-47BE-B612-DB291BF99D77}.Debug|Any CPU.ActiveCfg = Debug|Any CPU
		{373A3C43-241F-47BE-B612-DB291BF99D77}.Debug|Any CPU.Build.0 = Debug|Any CPU
		{373A3C43-241F-47BE-B612-DB291BF99D77}.Debug|iPhone.ActiveCfg = Debug|Any CPU
		{373A3C43-241F-47BE-B612-DB291BF99D77}.Debug|iPhone.Build.0 = Debug|Any CPU
		{373A3C43-241F-47BE-B612-DB291BF99D77}.Debug|iPhoneSimulator.ActiveCfg = Debug|Any CPU
		{373A3C43-241F-47BE-B612-DB291BF99D77}.Debug|iPhoneSimulator.Build.0 = Debug|Any CPU
		{373A3C43-241F-47BE-B612-DB291BF99D77}.Release|Any CPU.ActiveCfg = Release|Any CPU
		{373A3C43-241F-47BE-B612-DB291BF99D77}.Release|Any CPU.Build.0 = Release|Any CPU
		{373A3C43-241F-47BE-B612-DB291BF99D77}.Release|iPhone.ActiveCfg = Release|Any CPU
		{373A3C43-241F-47BE-B612-DB291BF99D77}.Release|iPhone.Build.0 = Release|Any CPU
		{373A3C43-241F-47BE-B612-DB291BF99D77}.Release|iPhoneSimulator.ActiveCfg = Release|Any CPU
		{373A3C43-241F-47BE-B612-DB291BF99D77}.Release|iPhoneSimulator.Build.0 = Release|Any CPU
		{FB595183-9074-4817-961F-A7D11C083843}.Ad-Hoc|Any CPU.ActiveCfg = Release|Any CPU
		{FB595183-9074-4817-961F-A7D11C083843}.Ad-Hoc|Any CPU.Build.0 = Release|Any CPU
		{FB595183-9074-4817-961F-A7D11C083843}.Ad-Hoc|iPhone.ActiveCfg = Release|Any CPU
		{FB595183-9074-4817-961F-A7D11C083843}.Ad-Hoc|iPhone.Build.0 = Release|Any CPU
		{FB595183-9074-4817-961F-A7D11C083843}.Ad-Hoc|iPhoneSimulator.ActiveCfg = Release|Any CPU
		{FB595183-9074-4817-961F-A7D11C083843}.Ad-Hoc|iPhoneSimulator.Build.0 = Release|Any CPU
		{FB595183-9074-4817-961F-A7D11C083843}.AppStore|Any CPU.ActiveCfg = Release|Any CPU
		{FB595183-9074-4817-961F-A7D11C083843}.AppStore|Any CPU.Build.0 = Release|Any CPU
		{FB595183-9074-4817-961F-A7D11C083843}.AppStore|iPhone.ActiveCfg = Release|Any CPU
		{FB595183-9074-4817-961F-A7D11C083843}.AppStore|iPhone.Build.0 = Release|Any CPU
		{FB595183-9074-4817-961F-A7D11C083843}.AppStore|iPhoneSimulator.ActiveCfg = Release|Any CPU
		{FB595183-9074-4817-961F-A7D11C083843}.AppStore|iPhoneSimulator.Build.0 = Release|Any CPU
		{FB595183-9074-4817-961F-A7D11C083843}.Debug|Any CPU.ActiveCfg = Debug|Any CPU
		{FB595183-9074-4817-961F-A7D11C083843}.Debug|Any CPU.Build.0 = Debug|Any CPU
		{FB595183-9074-4817-961F-A7D11C083843}.Debug|iPhone.ActiveCfg = Debug|Any CPU
		{FB595183-9074-4817-961F-A7D11C083843}.Debug|iPhone.Build.0 = Debug|Any CPU
		{FB595183-9074-4817-961F-A7D11C083843}.Debug|iPhoneSimulator.ActiveCfg = Debug|Any CPU
		{FB595183-9074-4817-961F-A7D11C083843}.Debug|iPhoneSimulator.Build.0 = Debug|Any CPU
		{FB595183-9074-4817-961F-A7D11C083843}.Release|Any CPU.ActiveCfg = Release|Any CPU
		{FB595183-9074-4817-961F-A7D11C083843}.Release|Any CPU.Build.0 = Release|Any CPU
		{FB595183-9074-4817-961F-A7D11C083843}.Release|iPhone.ActiveCfg = Release|Any CPU
		{FB595183-9074-4817-961F-A7D11C083843}.Release|iPhone.Build.0 = Release|Any CPU
		{FB595183-9074-4817-961F-A7D11C083843}.Release|iPhoneSimulator.ActiveCfg = Release|Any CPU
		{FB595183-9074-4817-961F-A7D11C083843}.Release|iPhoneSimulator.Build.0 = Release|Any CPU
		{F08DBC62-8E59-45C4-B76B-769462FD7039}.Ad-Hoc|Any CPU.ActiveCfg = Release|Any CPU
		{F08DBC62-8E59-45C4-B76B-769462FD7039}.Ad-Hoc|Any CPU.Build.0 = Release|Any CPU
		{F08DBC62-8E59-45C4-B76B-769462FD7039}.Ad-Hoc|iPhone.ActiveCfg = Release|Any CPU
		{F08DBC62-8E59-45C4-B76B-769462FD7039}.Ad-Hoc|iPhone.Build.0 = Release|Any CPU
		{F08DBC62-8E59-45C4-B76B-769462FD7039}.Ad-Hoc|iPhoneSimulator.ActiveCfg = Release|Any CPU
		{F08DBC62-8E59-45C4-B76B-769462FD7039}.Ad-Hoc|iPhoneSimulator.Build.0 = Release|Any CPU
		{F08DBC62-8E59-45C4-B76B-769462FD7039}.AppStore|Any CPU.ActiveCfg = Release|Any CPU
		{F08DBC62-8E59-45C4-B76B-769462FD7039}.AppStore|Any CPU.Build.0 = Release|Any CPU
		{F08DBC62-8E59-45C4-B76B-769462FD7039}.AppStore|iPhone.ActiveCfg = Release|Any CPU
		{F08DBC62-8E59-45C4-B76B-769462FD7039}.AppStore|iPhone.Build.0 = Release|Any CPU
		{F08DBC62-8E59-45C4-B76B-769462FD7039}.AppStore|iPhoneSimulator.ActiveCfg = Release|Any CPU
		{F08DBC62-8E59-45C4-B76B-769462FD7039}.AppStore|iPhoneSimulator.Build.0 = Release|Any CPU
		{F08DBC62-8E59-45C4-B76B-769462FD7039}.Debug|Any CPU.ActiveCfg = Debug|Any CPU
		{F08DBC62-8E59-45C4-B76B-769462FD7039}.Debug|Any CPU.Build.0 = Debug|Any CPU
		{F08DBC62-8E59-45C4-B76B-769462FD7039}.Debug|iPhone.ActiveCfg = Debug|Any CPU
		{F08DBC62-8E59-45C4-B76B-769462FD7039}.Debug|iPhone.Build.0 = Debug|Any CPU
		{F08DBC62-8E59-45C4-B76B-769462FD7039}.Debug|iPhoneSimulator.ActiveCfg = Debug|Any CPU
		{F08DBC62-8E59-45C4-B76B-769462FD7039}.Debug|iPhoneSimulator.Build.0 = Debug|Any CPU
		{F08DBC62-8E59-45C4-B76B-769462FD7039}.Release|Any CPU.ActiveCfg = Release|Any CPU
		{F08DBC62-8E59-45C4-B76B-769462FD7039}.Release|Any CPU.Build.0 = Release|Any CPU
		{F08DBC62-8E59-45C4-B76B-769462FD7039}.Release|iPhone.ActiveCfg = Release|Any CPU
		{F08DBC62-8E59-45C4-B76B-769462FD7039}.Release|iPhone.Build.0 = Release|Any CPU
		{F08DBC62-8E59-45C4-B76B-769462FD7039}.Release|iPhoneSimulator.ActiveCfg = Release|Any CPU
		{F08DBC62-8E59-45C4-B76B-769462FD7039}.Release|iPhoneSimulator.Build.0 = Release|Any CPU
		{B58EB085-623F-4166-B5B9-0A6EC05FED6D}.Ad-Hoc|Any CPU.ActiveCfg = Release|Any CPU
		{B58EB085-623F-4166-B5B9-0A6EC05FED6D}.Ad-Hoc|Any CPU.Build.0 = Release|Any CPU
		{B58EB085-623F-4166-B5B9-0A6EC05FED6D}.Ad-Hoc|Any CPU.Deploy.0 = Release|Any CPU
		{B58EB085-623F-4166-B5B9-0A6EC05FED6D}.Ad-Hoc|iPhone.ActiveCfg = Release|Any CPU
		{B58EB085-623F-4166-B5B9-0A6EC05FED6D}.Ad-Hoc|iPhone.Build.0 = Release|Any CPU
		{B58EB085-623F-4166-B5B9-0A6EC05FED6D}.Ad-Hoc|iPhone.Deploy.0 = Release|Any CPU
		{B58EB085-623F-4166-B5B9-0A6EC05FED6D}.Ad-Hoc|iPhoneSimulator.ActiveCfg = Release|Any CPU
		{B58EB085-623F-4166-B5B9-0A6EC05FED6D}.Ad-Hoc|iPhoneSimulator.Build.0 = Release|Any CPU
		{B58EB085-623F-4166-B5B9-0A6EC05FED6D}.Ad-Hoc|iPhoneSimulator.Deploy.0 = Release|Any CPU
		{B58EB085-623F-4166-B5B9-0A6EC05FED6D}.AppStore|Any CPU.ActiveCfg = Release|Any CPU
		{B58EB085-623F-4166-B5B9-0A6EC05FED6D}.AppStore|Any CPU.Build.0 = Release|Any CPU
		{B58EB085-623F-4166-B5B9-0A6EC05FED6D}.AppStore|Any CPU.Deploy.0 = Release|Any CPU
		{B58EB085-623F-4166-B5B9-0A6EC05FED6D}.AppStore|iPhone.ActiveCfg = Release|Any CPU
		{B58EB085-623F-4166-B5B9-0A6EC05FED6D}.AppStore|iPhone.Build.0 = Release|Any CPU
		{B58EB085-623F-4166-B5B9-0A6EC05FED6D}.AppStore|iPhone.Deploy.0 = Release|Any CPU
		{B58EB085-623F-4166-B5B9-0A6EC05FED6D}.AppStore|iPhoneSimulator.ActiveCfg = Release|Any CPU
		{B58EB085-623F-4166-B5B9-0A6EC05FED6D}.AppStore|iPhoneSimulator.Build.0 = Release|Any CPU
		{B58EB085-623F-4166-B5B9-0A6EC05FED6D}.AppStore|iPhoneSimulator.Deploy.0 = Release|Any CPU
		{B58EB085-623F-4166-B5B9-0A6EC05FED6D}.Debug|Any CPU.ActiveCfg = Debug|Any CPU
		{B58EB085-623F-4166-B5B9-0A6EC05FED6D}.Debug|Any CPU.Build.0 = Debug|Any CPU
		{B58EB085-623F-4166-B5B9-0A6EC05FED6D}.Debug|Any CPU.Deploy.0 = Debug|Any CPU
		{B58EB085-623F-4166-B5B9-0A6EC05FED6D}.Debug|iPhone.ActiveCfg = Debug|Any CPU
		{B58EB085-623F-4166-B5B9-0A6EC05FED6D}.Debug|iPhone.Build.0 = Debug|Any CPU
		{B58EB085-623F-4166-B5B9-0A6EC05FED6D}.Debug|iPhone.Deploy.0 = Debug|Any CPU
		{B58EB085-623F-4166-B5B9-0A6EC05FED6D}.Debug|iPhoneSimulator.ActiveCfg = Debug|Any CPU
		{B58EB085-623F-4166-B5B9-0A6EC05FED6D}.Debug|iPhoneSimulator.Build.0 = Debug|Any CPU
		{B58EB085-623F-4166-B5B9-0A6EC05FED6D}.Debug|iPhoneSimulator.Deploy.0 = Debug|Any CPU
		{B58EB085-623F-4166-B5B9-0A6EC05FED6D}.Release|Any CPU.ActiveCfg = Release|Any CPU
		{B58EB085-623F-4166-B5B9-0A6EC05FED6D}.Release|Any CPU.Build.0 = Release|Any CPU
		{B58EB085-623F-4166-B5B9-0A6EC05FED6D}.Release|Any CPU.Deploy.0 = Release|Any CPU
		{B58EB085-623F-4166-B5B9-0A6EC05FED6D}.Release|iPhone.ActiveCfg = Release|Any CPU
		{B58EB085-623F-4166-B5B9-0A6EC05FED6D}.Release|iPhone.Build.0 = Release|Any CPU
		{B58EB085-623F-4166-B5B9-0A6EC05FED6D}.Release|iPhone.Deploy.0 = Release|Any CPU
		{B58EB085-623F-4166-B5B9-0A6EC05FED6D}.Release|iPhoneSimulator.ActiveCfg = Release|Any CPU
		{B58EB085-623F-4166-B5B9-0A6EC05FED6D}.Release|iPhoneSimulator.Build.0 = Release|Any CPU
		{B58EB085-623F-4166-B5B9-0A6EC05FED6D}.Release|iPhoneSimulator.Deploy.0 = Release|Any CPU
		{46E7D6EE-200E-42F2-BCFA-9D10A706DF89}.Ad-Hoc|Any CPU.ActiveCfg = Release|iPhone
		{46E7D6EE-200E-42F2-BCFA-9D10A706DF89}.Ad-Hoc|Any CPU.Build.0 = Release|iPhone
		{46E7D6EE-200E-42F2-BCFA-9D10A706DF89}.Ad-Hoc|iPhone.ActiveCfg = Release|iPhone
		{46E7D6EE-200E-42F2-BCFA-9D10A706DF89}.Ad-Hoc|iPhone.Build.0 = Release|iPhone
		{46E7D6EE-200E-42F2-BCFA-9D10A706DF89}.Ad-Hoc|iPhoneSimulator.ActiveCfg = Release|iPhoneSimulator
		{46E7D6EE-200E-42F2-BCFA-9D10A706DF89}.Ad-Hoc|iPhoneSimulator.Build.0 = Release|iPhoneSimulator
		{46E7D6EE-200E-42F2-BCFA-9D10A706DF89}.AppStore|Any CPU.ActiveCfg = Release|iPhone
		{46E7D6EE-200E-42F2-BCFA-9D10A706DF89}.AppStore|Any CPU.Build.0 = Release|iPhone
		{46E7D6EE-200E-42F2-BCFA-9D10A706DF89}.AppStore|iPhone.ActiveCfg = Release|iPhone
		{46E7D6EE-200E-42F2-BCFA-9D10A706DF89}.AppStore|iPhone.Build.0 = Release|iPhone
		{46E7D6EE-200E-42F2-BCFA-9D10A706DF89}.AppStore|iPhoneSimulator.ActiveCfg = Release|iPhoneSimulator
		{46E7D6EE-200E-42F2-BCFA-9D10A706DF89}.AppStore|iPhoneSimulator.Build.0 = Release|iPhoneSimulator
		{46E7D6EE-200E-42F2-BCFA-9D10A706DF89}.Debug|Any CPU.ActiveCfg = Debug|iPhone
		{46E7D6EE-200E-42F2-BCFA-9D10A706DF89}.Debug|iPhone.ActiveCfg = Debug|iPhone
		{46E7D6EE-200E-42F2-BCFA-9D10A706DF89}.Debug|iPhone.Build.0 = Debug|iPhone
		{46E7D6EE-200E-42F2-BCFA-9D10A706DF89}.Debug|iPhoneSimulator.ActiveCfg = Debug|iPhoneSimulator
		{46E7D6EE-200E-42F2-BCFA-9D10A706DF89}.Debug|iPhoneSimulator.Build.0 = Debug|iPhoneSimulator
		{46E7D6EE-200E-42F2-BCFA-9D10A706DF89}.Release|Any CPU.ActiveCfg = Release|iPhone
		{46E7D6EE-200E-42F2-BCFA-9D10A706DF89}.Release|iPhone.ActiveCfg = Release|iPhone
		{46E7D6EE-200E-42F2-BCFA-9D10A706DF89}.Release|iPhone.Build.0 = Release|iPhone
		{46E7D6EE-200E-42F2-BCFA-9D10A706DF89}.Release|iPhoneSimulator.ActiveCfg = Release|iPhoneSimulator
		{46E7D6EE-200E-42F2-BCFA-9D10A706DF89}.Release|iPhoneSimulator.Build.0 = Release|iPhoneSimulator
	EndGlobalSection
	GlobalSection(SolutionProperties) = preSolution
		HideSolutionNode = FALSE
	EndGlobalSection
	GlobalSection(NestedProjects) = preSolution
		{B47CF1DA-DD99-4E16-8F47-04FAC2B40728} = {62771348-166A-4B30-8CBD-6CF4D8494480}
		{B2A62972-941C-47F5-AEC0-CDA4E789F774} = {62771348-166A-4B30-8CBD-6CF4D8494480}
		{373A3C43-241F-47BE-B612-DB291BF99D77} = {62771348-166A-4B30-8CBD-6CF4D8494480}
		{FB595183-9074-4817-961F-A7D11C083843} = {62771348-166A-4B30-8CBD-6CF4D8494480}
		{F08DBC62-8E59-45C4-B76B-769462FD7039} = {62771348-166A-4B30-8CBD-6CF4D8494480}
		{B58EB085-623F-4166-B5B9-0A6EC05FED6D} = {F392FAAA-C401-4039-AE08-AD3655502E84}
		{46E7D6EE-200E-42F2-BCFA-9D10A706DF89} = {F392FAAA-C401-4039-AE08-AD3655502E84}
	EndGlobalSection
	GlobalSection(ExtensibilityGlobals) = postSolution
		SolutionGuid = {354805D9-2A22-4CF7-AEC6-5125C82EB67B}
	EndGlobalSection
EndGlobal
